{
  "version": 4,
  "terraform_version": "1.3.4",
  "serial": 5,
  "lineage": "d5310702-1f1b-27d0-a065-77910b068fbc",
  "outputs": {
    "external_ip_address_vm_1": {
      "value": "51.250.15.171",
      "type": "string"
    },
    "external_ip_address_vm_2": {
      "value": "51.250.87.176",
      "type": "string"
    },
    "internal_ip_address_vm_1": {
      "value": "192.168.10.21",
      "type": "string"
    },
    "internal_ip_address_vm_2": {
      "value": "192.168.10.15",
      "type": "string"
    }
  },
  "resources": [
    {
      "mode": "managed",
      "type": "yandex_compute_instance",
      "name": "vm-1",
      "provider": "provider[\"registry.terraform.io/yandex-cloud/yandex\"]",
      "instances": [
        {
          "schema_version": 1,
          "attributes": {
            "allow_recreate": null,
            "allow_stopping_for_update": null,
            "boot_disk": [
              {
                "auto_delete": true,
                "device_name": "fhmommo475hev82sogm3",
                "disk_id": "fhmommo475hev82sogm3",
                "initialize_params": [
                  {
                    "block_size": 4096,
                    "description": "",
                    "image_id": "fd8kdq6d0p8sij7h5qe3",
                    "name": "",
                    "size": 5,
                    "snapshot_id": "",
                    "type": "network-hdd"
                  }
                ],
                "mode": "READ_WRITE"
              }
            ],
            "created_at": "2022-11-03T21:05:05Z",
            "description": "",
            "folder_id": "b1g9td5ou3vrqr34j92d",
            "fqdn": "fhma4l9l2k52m8kt1oui.auto.internal",
            "hostname": "",
            "id": "fhma4l9l2k52m8kt1oui",
            "labels": null,
            "local_disk": [],
            "metadata": {
              "user-data": "#cloud-config\nusers:\n  - name: root\n    groups: sudo\n    shell: /bin/bash\n    sudo: ['ALL=(ALL) NOPASSWD:ALL']\n    ssh_authorized_keys:\n      - ssh-rsa AAAAB3NzaC1yc2EAAAADAQABAAABAQCtkhfBhuBszGFuZH4+033VNCm1xNCnLd2og5t4havjXbAUUDqAP5A+1pQsoGlPGLu/eiws9U27rqfFiRrMJW/F+zmGCWq7c6c38+nGAcWx1lRK6QxEwJoT95eFTPUGTKuADzN7pzWWJ/U92LQr7VThBUsJZ37SgdUPWZTrUZyYKvicfX74elAmtEo7Nc0S5aNGHl+soRtmFmIyJfQjZnLx9aPk3FBxBaw9FCrfsmFlkPvKYAUZowlXvYBchYQJ6AtieN6eIsQnFpNZpz4AhH+TADFGpHCX/HhE+fkLOrowwf2NYmi2M/FNAIksppbUoGpuOYNtYfKKLGCKHwKQk8Op root@autolab72.store\n      - ssh-rsa AAAAB3NzaC1yc2EAAAADAQABAAABgQDInSnBm/+IbLepxV1HDJ88dZs79DZbMkeky2SJBU3b7gONq+llD6wrjAg4zcRnj4iIudwREfiKNMqWO9D5kxCc49AIkDtHLsX+QiXLf4fdADKDBFJ/3ERqkNpPi9zb4ISzVvlLXVjF/1Ru/3flLbQBFnR92wNwRogz/jhH0H7o5dKSl4Di0nhjKzH9i8qo++LVIdUGRrcT+bZVl7CsIL4jh3k9AZ03n/KxaTHtcNSRU2ehDjTIPjT0ZAfOe4TXbd8QUI0EKL1qU/Ww5nuoYiajK5SjYm5uktZYR1GPZLzzvsS0PUasXiTdjRa5mGlGMye/YRy2QTGzslavILPBMZ15ihllOixhDYB9hP6Egd2pAeVyPV02ecgak8JnHafS1aiO+yRcfD6Gdk6uR1WbAxOP0OMFgfqyXnm03/Ulh/B5C/C1yzkgepEOkJ+nsi5Dq5UKocaiEZjXSLojkr7Y9Fk88hTcMPhyxljj8B71xTVA6+TrGFlKDUVGqoTwMvYqElE= latyp@DESKTOP-R9GDVOO\n\n"
            },
            "name": "terraform1",
            "network_acceleration_type": "standard",
            "network_interface": [
              {
                "dns_record": [],
                "index": 0,
                "ip_address": "192.168.10.21",
                "ipv4": true,
                "ipv6": false,
                "ipv6_address": "",
                "ipv6_dns_record": [],
                "mac_address": "d0:0d:a2:55:35:15",
                "nat": true,
                "nat_dns_record": [],
                "nat_ip_address": "51.250.15.171",
                "nat_ip_version": "IPV4",
                "security_group_ids": [],
                "subnet_id": "e9ba3fav166paaeijghj"
              }
            ],
            "placement_policy": [
              {
                "host_affinity_rules": [],
                "placement_group_id": ""
              }
            ],
            "platform_id": "standard-v1",
            "resources": [
              {
                "core_fraction": 100,
                "cores": 2,
                "gpus": 0,
                "memory": 4
              }
            ],
            "scheduling_policy": [
              {
                "preemptible": false
              }
            ],
            "secondary_disk": [],
            "service_account_id": "",
            "status": "running",
            "timeouts": null,
            "zone": "ru-central1-a"
          },
          "sensitive_attributes": [],
          "private": "eyJlMmJmYjczMC1lY2FhLTExZTYtOGY4OC0zNDM2M2JjN2M0YzAiOnsiY3JlYXRlIjozMDAwMDAwMDAwMDAsImRlbGV0ZSI6MzAwMDAwMDAwMDAwLCJ1cGRhdGUiOjMwMDAwMDAwMDAwMH0sInNjaGVtYV92ZXJzaW9uIjoiMSJ9",
          "dependencies": [
            "yandex_vpc_network.network-1",
            "yandex_vpc_subnet.subnet-1"
          ]
        }
      ]
    },
    {
      "mode": "managed",
      "type": "yandex_compute_instance",
      "name": "vm-2",
      "provider": "provider[\"registry.terraform.io/yandex-cloud/yandex\"]",
      "instances": [
        {
          "schema_version": 1,
          "attributes": {
            "allow_recreate": null,
            "allow_stopping_for_update": null,
            "boot_disk": [
              {
                "auto_delete": true,
                "device_name": "fhm25rpcc6hpb8s8pb1j",
                "disk_id": "fhm25rpcc6hpb8s8pb1j",
                "initialize_params": [
                  {
                    "block_size": 4096,
                    "description": "",
                    "image_id": "fd8kdq6d0p8sij7h5qe3",
                    "name": "",
                    "size": 5,
                    "snapshot_id": "",
                    "type": "network-hdd"
                  }
                ],
                "mode": "READ_WRITE"
              }
            ],
            "created_at": "2022-11-03T21:05:05Z",
            "description": "",
            "folder_id": "b1g9td5ou3vrqr34j92d",
            "fqdn": "fhmhglqovdc1a180qm3d.auto.internal",
            "hostname": "",
            "id": "fhmhglqovdc1a180qm3d",
            "labels": null,
            "local_disk": [],
            "metadata": {
              "user-data": "#cloud-config\nusers:\n  - name: root\n    groups: sudo\n    shell: /bin/bash\n    sudo: ['ALL=(ALL) NOPASSWD:ALL']\n    ssh_authorized_keys:\n      - ssh-rsa AAAAB3NzaC1yc2EAAAADAQABAAABAQCtkhfBhuBszGFuZH4+033VNCm1xNCnLd2og5t4havjXbAUUDqAP5A+1pQsoGlPGLu/eiws9U27rqfFiRrMJW/F+zmGCWq7c6c38+nGAcWx1lRK6QxEwJoT95eFTPUGTKuADzN7pzWWJ/U92LQr7VThBUsJZ37SgdUPWZTrUZyYKvicfX74elAmtEo7Nc0S5aNGHl+soRtmFmIyJfQjZnLx9aPk3FBxBaw9FCrfsmFlkPvKYAUZowlXvYBchYQJ6AtieN6eIsQnFpNZpz4AhH+TADFGpHCX/HhE+fkLOrowwf2NYmi2M/FNAIksppbUoGpuOYNtYfKKLGCKHwKQk8Op root@autolab72.store\n      - ssh-rsa AAAAB3NzaC1yc2EAAAADAQABAAABgQDInSnBm/+IbLepxV1HDJ88dZs79DZbMkeky2SJBU3b7gONq+llD6wrjAg4zcRnj4iIudwREfiKNMqWO9D5kxCc49AIkDtHLsX+QiXLf4fdADKDBFJ/3ERqkNpPi9zb4ISzVvlLXVjF/1Ru/3flLbQBFnR92wNwRogz/jhH0H7o5dKSl4Di0nhjKzH9i8qo++LVIdUGRrcT+bZVl7CsIL4jh3k9AZ03n/KxaTHtcNSRU2ehDjTIPjT0ZAfOe4TXbd8QUI0EKL1qU/Ww5nuoYiajK5SjYm5uktZYR1GPZLzzvsS0PUasXiTdjRa5mGlGMye/YRy2QTGzslavILPBMZ15ihllOixhDYB9hP6Egd2pAeVyPV02ecgak8JnHafS1aiO+yRcfD6Gdk6uR1WbAxOP0OMFgfqyXnm03/Ulh/B5C/C1yzkgepEOkJ+nsi5Dq5UKocaiEZjXSLojkr7Y9Fk88hTcMPhyxljj8B71xTVA6+TrGFlKDUVGqoTwMvYqElE= latyp@DESKTOP-R9GDVOO\n\n"
            },
            "name": "terraform2",
            "network_acceleration_type": "standard",
            "network_interface": [
              {
                "dns_record": [],
                "index": 0,
                "ip_address": "192.168.10.15",
                "ipv4": true,
                "ipv6": false,
                "ipv6_address": "",
                "ipv6_dns_record": [],
                "mac_address": "d0:0d:11:85:75:8f",
                "nat": true,
                "nat_dns_record": [],
                "nat_ip_address": "51.250.87.176",
                "nat_ip_version": "IPV4",
                "security_group_ids": [],
                "subnet_id": "e9ba3fav166paaeijghj"
              }
            ],
            "placement_policy": [
              {
                "host_affinity_rules": [],
                "placement_group_id": ""
              }
            ],
            "platform_id": "standard-v1",
            "resources": [
              {
                "core_fraction": 100,
                "cores": 2,
                "gpus": 0,
                "memory": 4
              }
            ],
            "scheduling_policy": [
              {
                "preemptible": false
              }
            ],
            "secondary_disk": [],
            "service_account_id": "",
            "status": "running",
            "timeouts": null,
            "zone": "ru-central1-a"
          },
          "sensitive_attributes": [],
          "private": "eyJlMmJmYjczMC1lY2FhLTExZTYtOGY4OC0zNDM2M2JjN2M0YzAiOnsiY3JlYXRlIjozMDAwMDAwMDAwMDAsImRlbGV0ZSI6MzAwMDAwMDAwMDAwLCJ1cGRhdGUiOjMwMDAwMDAwMDAwMH0sInNjaGVtYV92ZXJzaW9uIjoiMSJ9",
          "dependencies": [
            "yandex_vpc_network.network-1",
            "yandex_vpc_subnet.subnet-1"
          ]
        }
      ]
    },
    {
      "mode": "managed",
      "type": "yandex_vpc_network",
      "name": "network-1",
      "provider": "provider[\"registry.terraform.io/yandex-cloud/yandex\"]",
      "instances": [
        {
          "schema_version": 0,
          "attributes": {
            "created_at": "2022-11-03T21:05:02Z",
            "default_security_group_id": "",
            "description": "",
            "folder_id": "b1g9td5ou3vrqr34j92d",
            "id": "enpupiskd6bvihghttib",
            "labels": {},
            "name": "network1",
            "subnet_ids": [],
            "timeouts": null
          },
          "sensitive_attributes": [],
          "private": "eyJlMmJmYjczMC1lY2FhLTExZTYtOGY4OC0zNDM2M2JjN2M0YzAiOnsiY3JlYXRlIjo2MDAwMDAwMDAwMCwiZGVsZXRlIjo2MDAwMDAwMDAwMCwidXBkYXRlIjo2MDAwMDAwMDAwMH19"
        }
      ]
    },
    {
      "mode": "managed",
      "type": "yandex_vpc_subnet",
      "name": "subnet-1",
      "provider": "provider[\"registry.terraform.io/yandex-cloud/yandex\"]",
      "instances": [
        {
          "schema_version": 0,
          "attributes": {
            "created_at": "2022-11-03T21:05:03Z",
            "description": "",
            "dhcp_options": [],
            "folder_id": "b1g9td5ou3vrqr34j92d",
            "id": "e9ba3fav166paaeijghj",
            "labels": {},
            "name": "subnet1",
            "network_id": "enpupiskd6bvihghttib",
            "route_table_id": "",
            "timeouts": null,
            "v4_cidr_blocks": [
              "192.168.10.0/24"
            ],
            "v6_cidr_blocks": [],
            "zone": "ru-central1-a"
          },
          "sensitive_attributes": [],
          "private": "eyJlMmJmYjczMC1lY2FhLTExZTYtOGY4OC0zNDM2M2JjN2M0YzAiOnsiY3JlYXRlIjoxODAwMDAwMDAwMDAsImRlbGV0ZSI6MTgwMDAwMDAwMDAwLCJ1cGRhdGUiOjE4MDAwMDAwMDAwMH19",
          "dependencies": [
            "yandex_vpc_network.network-1"
          ]
        }
      ]
    }
  ],
  "check_results": null
}
