{
  "version": 4,
  "terraform_version": "1.3.4",
  "serial": 15,
  "lineage": "d5310702-1f1b-27d0-a065-77910b068fbc",
  "outputs": {
    "external_ip_address_vm_1": {
      "value": "51.250.71.191",
      "type": "string"
    },
    "external_ip_address_vm_2": {
      "value": "51.250.88.107",
      "type": "string"
    },
    "internal_ip_address_vm_1": {
      "value": "192.168.10.25",
      "type": "string"
    },
    "internal_ip_address_vm_2": {
      "value": "192.168.10.30",
      "type": "string"
    }
  },
  "resources": [
    {
      "mode": "managed",
      "type": "yandex_compute_instance",
      "name": "vm-1",
      "provider": "provider[\"registry.terraform.io/yandex-cloud/yandex\"]",
      "instances": [
        {
          "schema_version": 1,
          "attributes": {
            "allow_recreate": null,
            "allow_stopping_for_update": null,
            "boot_disk": [
              {
                "auto_delete": true,
                "device_name": "fhm6guq1lbo9rp7tb1u7",
                "disk_id": "fhm6guq1lbo9rp7tb1u7",
                "initialize_params": [
                  {
                    "block_size": 4096,
                    "description": "",
                    "image_id": "fd8kdq6d0p8sij7h5qe3",
                    "name": "",
                    "size": 5,
                    "snapshot_id": "",
                    "type": "network-hdd"
                  }
                ],
                "mode": "READ_WRITE"
              }
            ],
            "created_at": "2022-11-06T22:07:37Z",
            "description": "",
            "folder_id": "b1g928koeave6upasd5v",
            "fqdn": "fhm0d2sthu3qg58gsebv.auto.internal",
            "hostname": "",
            "id": "fhm0d2sthu3qg58gsebv",
            "labels": null,
            "local_disk": [],
            "metadata": {
              "user-data": "#cloud-config\nusers:\n  - name: root\n    groups: sudo\n    shell: /bin/bash\n    sudo: ['ALL=(ALL) NOPASSWD:ALL']\n    ssh_authorized_keys:\n      - ssh-rsa AAAAB3NzaC1yc2EAAAADAQABAAABAQDI5gdsrK93ZPDCA5MSVMl3uvqILrWWlDj+bFp+XvYdxl1e6gPkkQ+Q0OMCNF7g07Nfnb3rJVcbMTF8thw7mtz7ueovgMu6C75xQzIu+JaSrF2C1UD7FRPo8Bf/mnuZ/NFbnK3Mlw/ziHaiqYvVe3pXEBL1q0r27QlmQdGzJqHg3Kr+BJfMcrYnP8nyu3uC1ph/ewr3PJVO0lPqC5ELERChJfJ/doq89APevE7micij29JXOoHYa52xG3mRCwhHFnsnHyz5BlaUUCbCVmgjTZHDO40KK8O8uPmU82TwO+h2v53KYnEyzjimZ3wVugTE6D/Cf401u/8Yucf1LIdg/kZF root@autolab72.store\n      - ssh-rsa AAAAB3NzaC1yc2EAAAADAQABAAABgQDInSnBm/+IbLepxV1HDJ88dZs79DZbMkeky2SJBU3b7gONq+llD6wrjAg4zcRnj4iIudwREfiKNMqWO9D5kxCc49AIkDtHLsX+QiXLf4fdADKDBFJ/3ERqkNpPi9zb4ISzVvlLXVjF/1Ru/3flLbQBFnR92wNwRogz/jhH0H7o5dKSl4Di0nhjKzH9i8qo++LVIdUGRrcT+bZVl7CsIL4jh3k9AZ03n/KxaTHtcNSRU2ehDjTIPjT0ZAfOe4TXbd8QUI0EKL1qU/Ww5nuoYiajK5SjYm5uktZYR1GPZLzzvsS0PUasXiTdjRa5mGlGMye/YRy2QTGzslavILPBMZ15ihllOixhDYB9hP6Egd2pAeVyPV02ecgak8JnHafS1aiO+yRcfD6Gdk6uR1WbAxOP0OMFgfqyXnm03/Ulh/B5C/C1yzkgepEOkJ+nsi5Dq5UKocaiEZjXSLojkr7Y9Fk88hTcMPhyxljj8B71xTVA6+TrGFlKDUVGqoTwMvYqElE= latyp@DESKTOP-R9GDVOO\n"
            },
            "name": "terraform1",
            "network_acceleration_type": "standard",
            "network_interface": [
              {
                "dns_record": [],
                "index": 0,
                "ip_address": "192.168.10.25",
                "ipv4": true,
                "ipv6": false,
                "ipv6_address": "",
                "ipv6_dns_record": [],
                "mac_address": "d0:0d:68:b9:d8:f8",
                "nat": true,
                "nat_dns_record": [],
                "nat_ip_address": "51.250.71.191",
                "nat_ip_version": "IPV4",
                "security_group_ids": [],
                "subnet_id": "e9bhllho217vq38rv6tn"
              }
            ],
            "placement_policy": [
              {
                "host_affinity_rules": [],
                "placement_group_id": ""
              }
            ],
            "platform_id": "standard-v1",
            "resources": [
              {
                "core_fraction": 100,
                "cores": 2,
                "gpus": 0,
                "memory": 4
              }
            ],
            "scheduling_policy": [
              {
                "preemptible": false
              }
            ],
            "secondary_disk": [],
            "service_account_id": "",
            "status": "running",
            "timeouts": null,
            "zone": "ru-central1-a"
          },
          "sensitive_attributes": [],
          "private": "eyJlMmJmYjczMC1lY2FhLTExZTYtOGY4OC0zNDM2M2JjN2M0YzAiOnsiY3JlYXRlIjozMDAwMDAwMDAwMDAsImRlbGV0ZSI6MzAwMDAwMDAwMDAwLCJ1cGRhdGUiOjMwMDAwMDAwMDAwMH0sInNjaGVtYV92ZXJzaW9uIjoiMSJ9",
          "dependencies": [
            "yandex_vpc_network.network-1",
            "yandex_vpc_subnet.subnet-1"
          ]
        }
      ]
    },
    {
      "mode": "managed",
      "type": "yandex_compute_instance",
      "name": "vm-2",
      "provider": "provider[\"registry.terraform.io/yandex-cloud/yandex\"]",
      "instances": [
        {
          "schema_version": 1,
          "attributes": {
            "allow_recreate": null,
            "allow_stopping_for_update": null,
            "boot_disk": [
              {
                "auto_delete": true,
                "device_name": "fhmuqthomjbts0tlvb5n",
                "disk_id": "fhmuqthomjbts0tlvb5n",
                "initialize_params": [
                  {
                    "block_size": 4096,
                    "description": "",
                    "image_id": "fd8kdq6d0p8sij7h5qe3",
                    "name": "",
                    "size": 5,
                    "snapshot_id": "",
                    "type": "network-hdd"
                  }
                ],
                "mode": "READ_WRITE"
              }
            ],
            "created_at": "2022-11-06T22:07:38Z",
            "description": "",
            "folder_id": "b1g928koeave6upasd5v",
            "fqdn": "fhm13glt0pg70mle4bt1.auto.internal",
            "hostname": "",
            "id": "fhm13glt0pg70mle4bt1",
            "labels": null,
            "local_disk": [],
            "metadata": {
              "user-data": "#cloud-config\nusers:\n  - name: root\n    groups: sudo\n    shell: /bin/bash\n    sudo: ['ALL=(ALL) NOPASSWD:ALL']\n    ssh_authorized_keys:\n      - ssh-rsa AAAAB3NzaC1yc2EAAAADAQABAAABAQDI5gdsrK93ZPDCA5MSVMl3uvqILrWWlDj+bFp+XvYdxl1e6gPkkQ+Q0OMCNF7g07Nfnb3rJVcbMTF8thw7mtz7ueovgMu6C75xQzIu+JaSrF2C1UD7FRPo8Bf/mnuZ/NFbnK3Mlw/ziHaiqYvVe3pXEBL1q0r27QlmQdGzJqHg3Kr+BJfMcrYnP8nyu3uC1ph/ewr3PJVO0lPqC5ELERChJfJ/doq89APevE7micij29JXOoHYa52xG3mRCwhHFnsnHyz5BlaUUCbCVmgjTZHDO40KK8O8uPmU82TwO+h2v53KYnEyzjimZ3wVugTE6D/Cf401u/8Yucf1LIdg/kZF root@autolab72.store\n      - ssh-rsa AAAAB3NzaC1yc2EAAAADAQABAAABgQDInSnBm/+IbLepxV1HDJ88dZs79DZbMkeky2SJBU3b7gONq+llD6wrjAg4zcRnj4iIudwREfiKNMqWO9D5kxCc49AIkDtHLsX+QiXLf4fdADKDBFJ/3ERqkNpPi9zb4ISzVvlLXVjF/1Ru/3flLbQBFnR92wNwRogz/jhH0H7o5dKSl4Di0nhjKzH9i8qo++LVIdUGRrcT+bZVl7CsIL4jh3k9AZ03n/KxaTHtcNSRU2ehDjTIPjT0ZAfOe4TXbd8QUI0EKL1qU/Ww5nuoYiajK5SjYm5uktZYR1GPZLzzvsS0PUasXiTdjRa5mGlGMye/YRy2QTGzslavILPBMZ15ihllOixhDYB9hP6Egd2pAeVyPV02ecgak8JnHafS1aiO+yRcfD6Gdk6uR1WbAxOP0OMFgfqyXnm03/Ulh/B5C/C1yzkgepEOkJ+nsi5Dq5UKocaiEZjXSLojkr7Y9Fk88hTcMPhyxljj8B71xTVA6+TrGFlKDUVGqoTwMvYqElE= latyp@DESKTOP-R9GDVOO\n"
            },
            "name": "terraform2",
            "network_acceleration_type": "standard",
            "network_interface": [
              {
                "dns_record": [],
                "index": 0,
                "ip_address": "192.168.10.30",
                "ipv4": true,
                "ipv6": false,
                "ipv6_address": "",
                "ipv6_dns_record": [],
                "mac_address": "d0:0d:11:c2:bd:06",
                "nat": true,
                "nat_dns_record": [],
                "nat_ip_address": "51.250.88.107",
                "nat_ip_version": "IPV4",
                "security_group_ids": [],
                "subnet_id": "e9bhllho217vq38rv6tn"
              }
            ],
            "placement_policy": [
              {
                "host_affinity_rules": [],
                "placement_group_id": ""
              }
            ],
            "platform_id": "standard-v1",
            "resources": [
              {
                "core_fraction": 100,
                "cores": 2,
                "gpus": 0,
                "memory": 4
              }
            ],
            "scheduling_policy": [
              {
                "preemptible": false
              }
            ],
            "secondary_disk": [],
            "service_account_id": "",
            "status": "running",
            "timeouts": null,
            "zone": "ru-central1-a"
          },
          "sensitive_attributes": [],
          "private": "eyJlMmJmYjczMC1lY2FhLTExZTYtOGY4OC0zNDM2M2JjN2M0YzAiOnsiY3JlYXRlIjozMDAwMDAwMDAwMDAsImRlbGV0ZSI6MzAwMDAwMDAwMDAwLCJ1cGRhdGUiOjMwMDAwMDAwMDAwMH0sInNjaGVtYV92ZXJzaW9uIjoiMSJ9",
          "dependencies": [
            "yandex_vpc_network.network-1",
            "yandex_vpc_subnet.subnet-1"
          ]
        }
      ]
    },
    {
      "mode": "managed",
      "type": "yandex_vpc_network",
      "name": "network-1",
      "provider": "provider[\"registry.terraform.io/yandex-cloud/yandex\"]",
      "instances": [
        {
          "schema_version": 0,
          "attributes": {
            "created_at": "2022-11-06T22:07:33Z",
            "default_security_group_id": "",
            "description": "",
            "folder_id": "b1g928koeave6upasd5v",
            "id": "enpd4urlg1bjrcqhkq74",
            "labels": {},
            "name": "network1",
            "subnet_ids": [],
            "timeouts": null
          },
          "sensitive_attributes": [],
          "private": "eyJlMmJmYjczMC1lY2FhLTExZTYtOGY4OC0zNDM2M2JjN2M0YzAiOnsiY3JlYXRlIjo2MDAwMDAwMDAwMCwiZGVsZXRlIjo2MDAwMDAwMDAwMCwidXBkYXRlIjo2MDAwMDAwMDAwMH19"
        }
      ]
    },
    {
      "mode": "managed",
      "type": "yandex_vpc_subnet",
      "name": "subnet-1",
      "provider": "provider[\"registry.terraform.io/yandex-cloud/yandex\"]",
      "instances": [
        {
          "schema_version": 0,
          "attributes": {
            "created_at": "2022-11-06T22:07:35Z",
            "description": "",
            "dhcp_options": [],
            "folder_id": "b1g928koeave6upasd5v",
            "id": "e9bhllho217vq38rv6tn",
            "labels": {},
            "name": "subnet1",
            "network_id": "enpd4urlg1bjrcqhkq74",
            "route_table_id": "",
            "timeouts": null,
            "v4_cidr_blocks": [
              "192.168.10.0/24"
            ],
            "v6_cidr_blocks": [],
            "zone": "ru-central1-a"
          },
          "sensitive_attributes": [],
          "private": "eyJlMmJmYjczMC1lY2FhLTExZTYtOGY4OC0zNDM2M2JjN2M0YzAiOnsiY3JlYXRlIjoxODAwMDAwMDAwMDAsImRlbGV0ZSI6MTgwMDAwMDAwMDAwLCJ1cGRhdGUiOjE4MDAwMDAwMDAwMH19",
          "dependencies": [
            "yandex_vpc_network.network-1"
          ]
        }
      ]
    }
  ],
  "check_results": null
}
